lockfileVersion: '9.0'

settings:
  autoInstallPeers: true
  excludeLinksFromLockfile: false

importers:

  .:
    dependencies:
      '@prisma/client':
        specifier: ^6.2.1
        version: 6.2.1

packages:

  '@prisma/client@6.2.1':
    resolution: {integrity: sha512-msKY2iRLISN8t5X0Tj7hU0UWet1u0KuxSPHWuf3IRkB4J95mCvGpyQBfQ6ufcmvKNOMQSq90O2iUmJEN2e5fiA==}
    engines: {node: '>=18.18'}
    peerDependencies:
      prisma: '*'
    peerDependenciesMeta:
      prisma:
        optional: true

snapshots:

  '@prisma/client@6.2.1': {}
